{
  "object": {
    "pins": [
      {
        "package": "SigmaSwiftStatistics",
        "repositoryURL": "https://github.com/evgenyneu/SigmaSwiftStatistics.git",
        "state": {
          "branch": null,
          "revision": "f4ad79cd07bd03f7d3ec0ab74d085733f8242f41",
          "version": "7.0.2"
        }
      }
    ]
  },
  "version": 1
}
